// !$*UTF8*$!
{
	archiveVersion = 1;
	classes = {
	};
	objectVersion = 56;
	objects = {

/* Begin PBXBuildFile section */
		A70AEDE329FFD7E2000A78BE /* AppDelegate.swift in Sources */ = {isa = PBXBuildFile; fileRef = A70AEDE229FFD7E2000A78BE /* AppDelegate.swift */; };
		A70AEDE529FFD7E2000A78BE /* SceneDelegate.swift in Sources */ = {isa = PBXBuildFile; fileRef = A70AEDE429FFD7E2000A78BE /* SceneDelegate.swift */; };
		A70AEDE729FFD7E2000A78BE /* ViewController.swift in Sources */ = {isa = PBXBuildFile; fileRef = A70AEDE629FFD7E2000A78BE /* ViewController.swift */; };
		A70AEDEA29FFD7E2000A78BE /* Main.storyboard in Resources */ = {isa = PBXBuildFile; fileRef = A70AEDE829FFD7E2000A78BE /* Main.storyboard */; };
		A70AEDEC29FFD7E3000A78BE /* Assets.xcassets in Resources */ = {isa = PBXBuildFile; fileRef = A70AEDEB29FFD7E3000A78BE /* Assets.xcassets */; };
		A70AEDEF29FFD7E3000A78BE /* LaunchScreen.storyboard in Resources */ = {isa = PBXBuildFile; fileRef = A70AEDED29FFD7E3000A78BE /* LaunchScreen.storyboard */; };
		A70AEDFA29FFD7E3000A78BE /* counterTests.swift in Sources */ = {isa = PBXBuildFile; fileRef = A70AEDF929FFD7E3000A78BE /* counterTests.swift */; };
		A70AEE0429FFD7E3000A78BE /* counterUITests.swift in Sources */ = {isa = PBXBuildFile; fileRef = A70AEE0329FFD7E3000A78BE /* counterUITests.swift */; };
		A70AEE0629FFD7E3000A78BE /* counterUITestsLaunchTests.swift in Sources */ = {isa = PBXBuildFile; fileRef = A70AEE0529FFD7E3000A78BE /* counterUITestsLaunchTests.swift */; };
/* End PBXBuildFile section */

/* Begin PBXContainerItemProxy section */
		A70AEDF629FFD7E3000A78BE /* PBXContainerItemProxy */ = {
			isa = PBXContainerItemProxy;
			containerPortal = A70AEDD729FFD7E2000A78BE /* Project object */;
			proxyType = 1;
			remoteGlobalIDString = A70AEDDE29FFD7E2000A78BE;
			remoteInfo = counter;
		};
		A70AEE0029FFD7E3000A78BE /* PBXContainerItemProxy */ = {
			isa = PBXContainerItemProxy;
			containerPortal = A70AEDD729FFD7E2000A78BE /* Project object */;
			proxyType = 1;
			remoteGlobalIDString = A70AEDDE29FFD7E2000A78BE;
			remoteInfo = counter;
		};
/* End PBXContainerItemProxy section */

/* Begin PBXFileReference section */
		A70AEDDF29FFD7E2000A78BE /* counter.app */ = {isa = PBXFileReference; explicitFileType = wrapper.application; includeInIndex = 0; path = counter.app; sourceTree = BUILT_PRODUCTS_DIR; };
		A70AEDE229FFD7E2000A78BE /* AppDelegate.swift */ = {isa = PBXFileReference; lastKnownFileType = sourcecode.swift; path = AppDelegate.swift; sourceTree = "<group>"; };
		A70AEDE429FFD7E2000A78BE /* SceneDelegate.swift */ = {isa = PBXFileReference; lastKnownFileType = sourcecode.swift; path = SceneDelegate.swift; sourceTree = "<group>"; };
		A70AEDE629FFD7E2000A78BE /* ViewController.swift */ = {isa = PBXFileReference; lastKnownFileType = sourcecode.swift; path = ViewController.swift; sourceTree = "<group>"; };
		A70AEDE929FFD7E2000A78BE /* Base */ = {isa = PBXFileReference; lastKnownFileType = file.storyboard; name = Base; path = Base.lproj/Main.storyboard; sourceTree = "<group>"; };
		A70AEDEB29FFD7E3000A78BE /* Assets.xcassets */ = {isa = PBXFileReference; lastKnownFileType = folder.assetcatalog; path = Assets.xcassets; sourceTree = "<group>"; };
		A70AEDEE29FFD7E3000A78BE /* Base */ = {isa = PBXFileReference; lastKnownFileType = file.storyboard; name = Base; path = Base.lproj/LaunchScreen.storyboard; sourceTree = "<group>"; };
		A70AEDF029FFD7E3000A78BE /* Info.plist */ = {isa = PBXFileReference; lastKnownFileType = text.plist.xml; path = Info.plist; sourceTree = "<group>"; };
		A70AEDF529FFD7E3000A78BE /* counterTests.xctest */ = {isa = PBXFileReference; explicitFileType = wrapper.cfbundle; includeInIndex = 0; path = counterTests.xctest; sourceTree = BUILT_PRODUCTS_DIR; };
		A70AEDF929FFD7E3000A78BE /* counterTests.swift */ = {isa = PBXFileReference; lastKnownFileType = sourcecode.swift; path = counterTests.swift; sourceTree = "<group>"; };
		A70AEDFF29FFD7E3000A78BE /* counterUITests.xctest */ = {isa = PBXFileReference; explicitFileType = wrapper.cfbundle; includeInIndex = 0; path = counterUITests.xctest; sourceTree = BUILT_PRODUCTS_DIR; };
		A70AEE0329FFD7E3000A78BE /* counterUITests.swift */ = {isa = PBXFileReference; lastKnownFileType = sourcecode.swift; path = counterUITests.swift; sourceTree = "<group>"; };
		A70AEE0529FFD7E3000A78BE /* counterUITestsLaunchTests.swift */ = {isa = PBXFileReference; lastKnownFileType = sourcecode.swift; path = counterUITestsLaunchTests.swift; sourceTree = "<group>"; };
/* End PBXFileReference section */

/* Begin PBXFrameworksBuildPhase section */
		A70AEDDC29FFD7E2000A78BE /* Frameworks */ = {
			isa = PBXFrameworksBuildPhase;
			buildActionMask = 2147483647;
			files = (
			);
			runOnlyForDeploymentPostprocessing = 0;
		};
		A70AEDF229FFD7E3000A78BE /* Frameworks */ = {
			isa = PBXFrameworksBuildPhase;
			buildActionMask = 2147483647;
			files = (
			);
			runOnlyForDeploymentPostprocessing = 0;
		};
		A70AEDFC29FFD7E3000A78BE /* Frameworks */ = {
			isa = PBXFrameworksBuildPhase;
			buildActionMask = 2147483647;
			files = (
			);
			runOnlyForDeploymentPostprocessing = 0;
		};
/* End PBXFrameworksBuildPhase section */

/* Begin PBXGroup section */
		A70AEDD629FFD7E2000A78BE = {
			isa = PBXGroup;
			children = (
				A70AEDE129FFD7E2000A78BE /* counter */,
				A70AEDF829FFD7E3000A78BE /* counterTests */,
				A70AEE0229FFD7E3000A78BE /* counterUITests */,
				A70AEDE029FFD7E2000A78BE /* Products */,
			);
			sourceTree = "<group>";
		};
		A70AEDE029FFD7E2000A78BE /* Products */ = {
			isa = PBXGroup;
			children = (
				A70AEDDF29FFD7E2000A78BE /* counter.app */,
				A70AEDF529FFD7E3000A78BE /* counterTests.xctest */,
				A70AEDFF29FFD7E3000A78BE /* counterUITests.xctest */,
			);
			name = Products;
			sourceTree = "<group>";
		};
		A70AEDE129FFD7E2000A78BE /* counter */ = {
			isa = PBXGroup;
			children = (
				A70AEDE229FFD7E2000A78BE /* AppDelegate.swift */,
				A70AEDE429FFD7E2000A78BE /* SceneDelegate.swift */,
				A70AEDE629FFD7E2000A78BE /* ViewController.swift */,
				A70AEDE829FFD7E2000A78BE /* Main.storyboard */,
				A70AEDEB29FFD7E3000A78BE /* Assets.xcassets */,
				A70AEDED29FFD7E3000A78BE /* LaunchScreen.storyboard */,
				A70AEDF029FFD7E3000A78BE /* Info.plist */,
			);
			path = counter;
			sourceTree = "<group>";
		};
		A70AEDF829FFD7E3000A78BE /* counterTests */ = {
			isa = PBXGroup;
			children = (
				A70AEDF929FFD7E3000A78BE /* counterTests.swift */,
			);
			path = counterTests;
			sourceTree = "<group>";
		};
		A70AEE0229FFD7E3000A78BE /* counterUITests */ = {
			isa = PBXGroup;
			children = (
				A70AEE0329FFD7E3000A78BE /* counterUITests.swift */,
				A70AEE0529FFD7E3000A78BE /* counterUITestsLaunchTests.swift */,
			);
			path = counterUITests;
			sourceTree = "<group>";
		};
/* End PBXGroup section */

/* Begin PBXNativeTarget section */
		A70AEDDE29FFD7E2000A78BE /* counter */ = {
			isa = PBXNativeTarget;
			buildConfigurationList = A70AEE0929FFD7E3000A78BE /* Build configuration list for PBXNativeTarget "counter" */;
			buildPhases = (
				A70AEDDB29FFD7E2000A78BE /* Sources */,
				A70AEDDC29FFD7E2000A78BE /* Frameworks */,
				A70AEDDD29FFD7E2000A78BE /* Resources */,
			);
			buildRules = (
			);
			dependencies = (
			);
			name = counter;
			productName = counter;
			productReference = A70AEDDF29FFD7E2000A78BE /* counter.app */;
			productType = "com.apple.product-type.application";
		};
		A70AEDF429FFD7E3000A78BE /* counterTests */ = {
			isa = PBXNativeTarget;
			buildConfigurationList = A70AEE0C29FFD7E3000A78BE /* Build configuration list for PBXNativeTarget "counterTests" */;
			buildPhases = (
				A70AEDF129FFD7E3000A78BE /* Sources */,
				A70AEDF229FFD7E3000A78BE /* Frameworks */,
				A70AEDF329FFD7E3000A78BE /* Resources */,
			);
			buildRules = (
			);
			dependencies = (
				A70AEDF729FFD7E3000A78BE /* PBXTargetDependency */,
			);
			name = counterTests;
			productName = counterTests;
			productReference = A70AEDF529FFD7E3000A78BE /* counterTests.xctest */;
			productType = "com.apple.product-type.bundle.unit-test";
		};
		A70AEDFE29FFD7E3000A78BE /* counterUITests */ = {
			isa = PBXNativeTarget;
			buildConfigurationList = A70AEE0F29FFD7E3000A78BE /* Build configuration list for PBXNativeTarget "counterUITests" */;
			buildPhases = (
				A70AEDFB29FFD7E3000A78BE /* Sources */,
				A70AEDFC29FFD7E3000A78BE /* Frameworks */,
				A70AEDFD29FFD7E3000A78BE /* Resources */,
			);
			buildRules = (
			);
			dependencies = (
				A70AEE0129FFD7E3000A78BE /* PBXTargetDependency */,
			);
			name = counterUITests;
			productName = counterUITests;
			productReference = A70AEDFF29FFD7E3000A78BE /* counterUITests.xctest */;
			productType = "com.apple.product-type.bundle.ui-testing";
		};
/* End PBXNativeTarget section */

/* Begin PBXProject section */
		A70AEDD729FFD7E2000A78BE /* Project object */ = {
			isa = PBXProject;
			attributes = {
				BuildIndependentTargetsInParallel = 1;
				LastSwiftUpdateCheck = 1430;
				LastUpgradeCheck = 1430;
				TargetAttributes = {
					A70AEDDE29FFD7E2000A78BE = {
						CreatedOnToolsVersion = 14.3;
					};
					A70AEDF429FFD7E3000A78BE = {
						CreatedOnToolsVersion = 14.3;
						TestTargetID = A70AEDDE29FFD7E2000A78BE;
					};
					A70AEDFE29FFD7E3000A78BE = {
						CreatedOnToolsVersion = 14.3;
						TestTargetID = A70AEDDE29FFD7E2000A78BE;
					};
				};
			};
			buildConfigurationList = A70AEDDA29FFD7E2000A78BE /* Build configuration list for PBXProject "counter" */;
			compatibilityVersion = "Xcode 14.0";
			developmentRegion = en;
			hasScannedForEncodings = 0;
			knownRegions = (
				en,
				Base,
			);
			mainGroup = A70AEDD629FFD7E2000A78BE;
			productRefGroup = A70AEDE029FFD7E2000A78BE /* Products */;
			projectDirPath = "";
			projectRoot = "";
			targets = (
				A70AEDDE29FFD7E2000A78BE /* counter */,
				A70AEDF429FFD7E3000A78BE /* counterTests */,
				A70AEDFE29FFD7E3000A78BE /* counterUITests */,
			);
		};
/* End PBXProject section */

/* Begin PBXResourcesBuildPhase section */
		A70AEDDD29FFD7E2000A78BE /* Resources */ = {
			isa = PBXResourcesBuildPhase;
			buildActionMask = 2147483647;
			files = (
				A70AEDEF29FFD7E3000A78BE /* LaunchScreen.storyboard in Resources */,
				A70AEDEC29FFD7E3000A78BE /* Assets.xcassets in Resources */,
				A70AEDEA29FFD7E2000A78BE /* Main.storyboard in Resources */,
			);
			runOnlyForDeploymentPostprocessing = 0;
		};
		A70AEDF329FFD7E3000A78BE /* Resources */ = {
			isa = PBXResourcesBuildPhase;
			buildActionMask = 2147483647;
			files = (
			);
			runOnlyForDeploymentPostprocessing = 0;
		};
		A70AEDFD29FFD7E3000A78BE /* Resources */ = {
			isa = PBXResourcesBuildPhase;
			buildActionMask = 2147483647;
			files = (
			);
			runOnlyForDeploymentPostprocessing = 0;
		};
/* End PBXResourcesBuildPhase section */

/* Begin PBXSourcesBuildPhase section */
		A70AEDDB29FFD7E2000A78BE /* Sources */ = {
			isa = PBXSourcesBuildPhase;
			buildActionMask = 2147483647;
			files = (
				A70AEDE729FFD7E2000A78BE /* ViewController.swift in Sources */,
				A70AEDE329FFD7E2000A78BE /* AppDelegate.swift in Sources */,
				A70AEDE529FFD7E2000A78BE /* SceneDelegate.swift in Sources */,
			);
			runOnlyForDeploymentPostprocessing = 0;
		};
		A70AEDF129FFD7E3000A78BE /* Sources */ = {
			isa = PBXSourcesBuildPhase;
			buildActionMask = 2147483647;
			files = (
				A70AEDFA29FFD7E3000A78BE /* counterTests.swift in Sources */,
			);
			runOnlyForDeploymentPostprocessing = 0;
		};
		A70AEDFB29FFD7E3000A78BE /* Sources */ = {
			isa = PBXSourcesBuildPhase;
			buildActionMask = 2147483647;
			files = (
				A70AEE0429FFD7E3000A78BE /* counterUITests.swift in Sources */,
				A70AEE0629FFD7E3000A78BE /* counterUITestsLaunchTests.swift in Sources */,
			);
			runOnlyForDeploymentPostprocessing = 0;
		};
/* End PBXSourcesBuildPhase section */

/* Begin PBXTargetDependency section */
		A70AEDF729FFD7E3000A78BE /* PBXTargetDependency */ = {
			isa = PBXTargetDependency;
			target = A70AEDDE29FFD7E2000A78BE /* counter */;
			targetProxy = A70AEDF629FFD7E3000A78BE /* PBXContainerItemProxy */;
		};
		A70AEE0129FFD7E3000A78BE /* PBXTargetDependency */ = {
			isa = PBXTargetDependency;
			target = A70AEDDE29FFD7E2000A78BE /* counter */;
			targetProxy = A70AEE0029FFD7E3000A78BE /* PBXContainerItemProxy */;
		};
/* End PBXTargetDependency section */

/* Begin PBXVariantGroup section */
		A70AEDE829FFD7E2000A78BE /* Main.storyboard */ = {
			isa = PBXVariantGroup;
			children = (
				A70AEDE929FFD7E2000A78BE /* Base */,
			);
			name = Main.storyboard;
			sourceTree = "<group>";
		};
		A70AEDED29FFD7E3000A78BE /* LaunchScreen.storyboard */ = {
			isa = PBXVariantGroup;
			children = (
				A70AEDEE29FFD7E3000A78BE /* Base */,
			);
			name = LaunchScreen.storyboard;
			sourceTree = "<group>";
		};
/* End PBXVariantGroup section */

/* Begin XCBuildConfiguration section */
		A70AEE0729FFD7E3000A78BE /* Debug */ = {
			isa = XCBuildConfiguration;
			buildSettings = {
				ALWAYS_SEARCH_USER_PATHS = NO;
				CLANG_ANALYZER_NONNULL = YES;
				CLANG_ANALYZER_NUMBER_OBJECT_CONVERSION = YES_AGGRESSIVE;
				CLANG_CXX_LANGUAGE_STANDARD = "gnu++20";
				CLANG_ENABLE_MODULES = YES;
				CLANG_ENABLE_OBJC_ARC = YES;
				CLANG_ENABLE_OBJC_WEAK = YES;
				CLANG_WARN_BLOCK_CAPTURE_AUTORELEASING = YES;
				CLANG_WARN_BOOL_CONVERSION = YES;
				CLANG_WARN_COMMA = YES;
				CLANG_WARN_CONSTANT_CONVERSION = YES;
				CLANG_WARN_DEPRECATED_OBJC_IMPLEMENTATIONS = YES;
				CLANG_WARN_DIRECT_OBJC_ISA_USAGE = YES_ERROR;
				CLANG_WARN_DOCUMENTATION_COMMENTS = YES;
				CLANG_WARN_EMPTY_BODY = YES;
				CLANG_WARN_ENUM_CONVERSION = YES;
				CLANG_WARN_INFINITE_RECURSION = YES;
				CLANG_WARN_INT_CONVERSION = YES;
				CLANG_WARN_NON_LITERAL_NULL_CONVERSION = YES;
				CLANG_WARN_OBJC_IMPLICIT_RETAIN_SELF = YES;
				CLANG_WARN_OBJC_LITERAL_CONVERSION = YES;
				CLANG_WARN_OBJC_ROOT_CLASS = YES_ERROR;
				CLANG_WARN_QUOTED_INCLUDE_IN_FRAMEWORK_HEADER = YES;
				CLANG_WARN_RANGE_LOOP_ANALYSIS = YES;
				CLANG_WARN_STRICT_PROTOTYPES = YES;
				CLANG_WARN_SUSPICIOUS_MOVE = YES;
				CLANG_WARN_UNGUARDED_AVAILABILITY = YES_AGGRESSIVE;
				CLANG_WARN_UNREACHABLE_CODE = YES;
				CLANG_WARN__DUPLICATE_METHOD_MATCH = YES;
				COPY_PHASE_STRIP = NO;
				DEBUG_INFORMATION_FORMAT = dwarf;
				ENABLE_STRICT_OBJC_MSGSEND = YES;
				ENABLE_TESTABILITY = YES;
				GCC_C_LANGUAGE_STANDARD = gnu11;
				GCC_DYNAMIC_NO_PIC = NO;
				GCC_NO_COMMON_BLOCKS = YES;
				GCC_OPTIMIZATION_LEVEL = 0;
				GCC_PREPROCESSOR_DEFINITIONS = (
					"DEBUG=1",
					"$(inherited)",
				);
				GCC_WARN_64_TO_32_BIT_CONVERSION = YES;
				GCC_WARN_ABOUT_RETURN_TYPE = YES_ERROR;
				GCC_WARN_UNDECLARED_SELECTOR = YES;
				GCC_WARN_UNINITIALIZED_AUTOS = YES_AGGRESSIVE;
				GCC_WARN_UNUSED_FUNCTION = YES;
				GCC_WARN_UNUSED_VARIABLE = YES;
				IPHONEOS_DEPLOYMENT_TARGET = 16.4;
				MTL_ENABLE_DEBUG_INFO = INCLUDE_SOURCE;
				MTL_FAST_MATH = YES;
				ONLY_ACTIVE_ARCH = YES;
				SDKROOT = iphoneos;
				SWIFT_ACTIVE_COMPILATION_CONDITIONS = DEBUG;
				SWIFT_OPTIMIZATION_LEVEL = "-Onone";
			};
			name = Debug;
		};
		A70AEE0829FFD7E3000A78BE /* Release */ = {
			isa = XCBuildConfiguration;
			buildSettings = {
				ALWAYS_SEARCH_USER_PATHS = NO;
				CLANG_ANALYZER_NONNULL = YES;
				CLANG_ANALYZER_NUMBER_OBJECT_CONVERSION = YES_AGGRESSIVE;
				CLANG_CXX_LANGUAGE_STANDARD = "gnu++20";
				CLANG_ENABLE_MODULES = YES;
				CLANG_ENABLE_OBJC_ARC = YES;
				CLANG_ENABLE_OBJC_WEAK = YES;
				CLANG_WARN_BLOCK_CAPTURE_AUTORELEASING = YES;
				CLANG_WARN_BOOL_CONVERSION = YES;
				CLANG_WARN_COMMA = YES;
				CLANG_WARN_CONSTANT_CONVERSION = YES;
				CLANG_WARN_DEPRECATED_OBJC_IMPLEMENTATIONS = YES;
				CLANG_WARN_DIRECT_OBJC_ISA_USAGE = YES_ERROR;
				CLANG_WARN_DOCUMENTATION_COMMENTS = YES;
				CLANG_WARN_EMPTY_BODY = YES;
				CLANG_WARN_ENUM_CONVERSION = YES;
				CLANG_WARN_INFINITE_RECURSION = YES;
				CLANG_WARN_INT_CONVERSION = YES;
				CLANG_WARN_NON_LITERAL_NULL_CONVERSION = YES;
				CLANG_WARN_OBJC_IMPLICIT_RETAIN_SELF = YES;
				CLANG_WARN_OBJC_LITERAL_CONVERSION = YES;
				CLANG_WARN_OBJC_ROOT_CLASS = YES_ERROR;
				CLANG_WARN_QUOTED_INCLUDE_IN_FRAMEWORK_HEADER = YES;
				CLANG_WARN_RANGE_LOOP_ANALYSIS = YES;
				CLANG_WARN_STRICT_PROTOTYPES = YES;
				CLANG_WARN_SUSPICIOUS_MOVE = YES;
				CLANG_WARN_UNGUARDED_AVAILABILITY = YES_AGGRESSIVE;
				CLANG_WARN_UNREACHABLE_CODE = YES;
				CLANG_WARN__DUPLICATE_METHOD_MATCH = YES;
				COPY_PHASE_STRIP = NO;
				DEBUG_INFORMATION_FORMAT = "dwarf-with-dsym";
				ENABLE_NS_ASSERTIONS = NO;
				ENABLE_STRICT_OBJC_MSGSEND = YES;
				GCC_C_LANGUAGE_STANDARD = gnu11;
				GCC_NO_COMMON_BLOCKS = YES;
				GCC_WARN_64_TO_32_BIT_CONVERSION = YES;
				GCC_WARN_ABOUT_RETURN_TYPE = YES_ERROR;
				GCC_WARN_UNDECLARED_SELECTOR = YES;
				GCC_WARN_UNINITIALIZED_AUTOS = YES_AGGRESSIVE;
				GCC_WARN_UNUSED_FUNCTION = YES;
				GCC_WARN_UNUSED_VARIABLE = YES;
				IPHONEOS_DEPLOYMENT_TARGET = 16.4;
				MTL_ENABLE_DEBUG_INFO = NO;
				MTL_FAST_MATH = YES;
				SDKROOT = iphoneos;
				SWIFT_COMPILATION_MODE = wholemodule;
				SWIFT_OPTIMIZATION_LEVEL = "-O";
				VALIDATE_PRODUCT = YES;
			};
			name = Release;
		};
		A70AEE0A29FFD7E3000A78BE /* Debug */ = {
			isa = XCBuildConfiguration;
			buildSettings = {
				ASSETCATALOG_COMPILER_APPICON_NAME = AppIcon;
				ASSETCATALOG_COMPILER_GLOBAL_ACCENT_COLOR_NAME = AccentColor;
				CODE_SIGN_STYLE = Automatic;
				CURRENT_PROJECT_VERSION = 1;
				GENERATE_INFOPLIST_FILE = YES;
				INFOPLIST_FILE = counter/Info.plist;
				INFOPLIST_KEY_UIApplicationSupportsIndirectInputEvents = YES;
				INFOPLIST_KEY_UILaunchStoryboardName = LaunchScreen;
				INFOPLIST_KEY_UIMainStoryboardFile = Main;
				INFOPLIST_KEY_UISupportedInterfaceOrientations_iPad = "UIInterfaceOrientationPortrait UIInterfaceOrientationPortraitUpsideDown UIInterfaceOrientationLandscapeLeft UIInterfaceOrientationLandscapeRight";
				INFOPLIST_KEY_UISupportedInterfaceOrientations_iPhone = "UIInterfaceOrientationPortrait UIInterfaceOrientationLandscapeLeft UIInterfaceOrientationLandscapeRight";
				LD_RUNPATH_SEARCH_PATHS = (
					"$(inherited)",
					"@executable_path/Frameworks",
				);
				MARKETING_VERSION = 1.0;
				PRODUCT_BUNDLE_IDENTIFIER = tcs.counter;
				PRODUCT_NAME = "$(TARGET_NAME)";
				SWIFT_EMIT_LOC_STRINGS = YES;
				SWIFT_VERSION = 5.0;
				TARGETED_DEVICE_FAMILY = "1,2";
			};
			name = Debug;
		};
		A70AEE0B29FFD7E3000A78BE /* Release */ = {
			isa = XCBuildConfiguration;
			buildSettings = {
				ASSETCATALOG_COMPILER_APPICON_NAME = AppIcon;
				ASSETCATALOG_COMPILER_GLOBAL_ACCENT_COLOR_NAME = AccentColor;
				CODE_SIGN_STYLE = Automatic;
				CURRENT_PROJECT_VERSION = 1;
				GENERATE_INFOPLIST_FILE = YES;
				INFOPLIST_FILE = counter/Info.plist;
				INFOPLIST_KEY_UIApplicationSupportsIndirectInputEvents = YES;
				INFOPLIST_KEY_UILaunchStoryboardName = LaunchScreen;
				INFOPLIST_KEY_UIMainStoryboardFile = Main;
				INFOPLIST_KEY_UISupportedInterfaceOrientations_iPad = "UIInterfaceOrientationPortrait UIInterfaceOrientationPortraitUpsideDown UIInterfaceOrientationLandscapeLeft UIInterfaceOrientationLandscapeRight";
				INFOPLIST_KEY_UISupportedInterfaceOrientations_iPhone = "UIInterfaceOrientationPortrait UIInterfaceOrientationLandscapeLeft UIInterfaceOrientationLandscapeRight";
				LD_RUNPATH_SEARCH_PATHS = (
					"$(inherited)",
					"@executable_path/Frameworks",
				);
				MARKETING_VERSION = 1.0;
				PRODUCT_BUNDLE_IDENTIFIER = tcs.counter;
				PRODUCT_NAME = "$(TARGET_NAME)";
				SWIFT_EMIT_LOC_STRINGS = YES;
				SWIFT_VERSION = 5.0;
				TARGETED_DEVICE_FAMILY = "1,2";
			};
			name = Release;
		};
		A70AEE0D29FFD7E3000A78BE /* Debug */ = {
			isa = XCBuildConfiguration;
			buildSettings = {
				ALWAYS_EMBED_SWIFT_STANDARD_LIBRARIES = YES;
				BUNDLE_LOADER = "$(TEST_HOST)";
				CODE_SIGN_STYLE = Automatic;
				CURRENT_PROJECT_VERSION = 1;
				GENERATE_INFOPLIST_FILE = YES;
				IPHONEOS_DEPLOYMENT_TARGET = 16.4;
				MARKETING_VERSION = 1.0;
				PRODUCT_BUNDLE_IDENTIFIER = tcs.counterTests;
				PRODUCT_NAME = "$(TARGET_NAME)";
				SWIFT_EMIT_LOC_STRINGS = NO;
				SWIFT_VERSION = 5.0;
				TARGETED_DEVICE_FAMILY = "1,2";
				TEST_HOST = "$(BUILT_PRODUCTS_DIR)/counter.app/$(BUNDLE_EXECUTABLE_FOLDER_PATH)/counter";
			};
			name = Debug;
		};
		A70AEE0E29FFD7E3000A78BE /* Release */ = {
			isa = XCBuildConfiguration;
			buildSettings = {
				ALWAYS_EMBED_SWIFT_STANDARD_LIBRARIES = YES;
				BUNDLE_LOADER = "$(TEST_HOST)";
				CODE_SIGN_STYLE = Automatic;
				CURRENT_PROJECT_VERSION = 1;
				GENERATE_INFOPLIST_FILE = YES;
				IPHONEOS_DEPLOYMENT_TARGET = 16.4;
				MARKETING_VERSION = 1.0;
				PRODUCT_BUNDLE_IDENTIFIER = tcs.counterTests;
				PRODUCT_NAME = "$(TARGET_NAME)";
				SWIFT_EMIT_LOC_STRINGS = NO;
				SWIFT_VERSION = 5.0;
				TARGETED_DEVICE_FAMILY = "1,2";
				TEST_HOST = "$(BUILT_PRODUCTS_DIR)/counter.app/$(BUNDLE_EXECUTABLE_FOLDER_PATH)/counter";
			};
			name = Release;
		};
		A70AEE1029FFD7E3000A78BE /* Debug */ = {
			isa = XCBuildConfiguration;
			buildSettings = {
				ALWAYS_EMBED_SWIFT_STANDARD_LIBRARIES = YES;
				CODE_SIGN_STYLE = Automatic;
				CURRENT_PROJECT_VERSION = 1;
				GENERATE_INFOPLIST_FILE = YES;
				MARKETING_VERSION = 1.0;
				PRODUCT_BUNDLE_IDENTIFIER = tcs.counterUITests;
				PRODUCT_NAME = "$(TARGET_NAME)";
				SWIFT_EMIT_LOC_STRINGS = NO;
				SWIFT_VERSION = 5.0;
				TARGETED_DEVICE_FAMILY = "1,2";
				TEST_TARGET_NAME = counter;
			};
			name = Debug;
		};
		A70AEE1129FFD7E3000A78BE /* Release */ = {
			isa = XCBuildConfiguration;
			buildSettings = {
				ALWAYS_EMBED_SWIFT_STANDARD_LIBRARIES = YES;
				CODE_SIGN_STYLE = Automatic;
				CURRENT_PROJECT_VERSION = 1;
				GENERATE_INFOPLIST_FILE = YES;
				MARKETING_VERSION = 1.0;
				PRODUCT_BUNDLE_IDENTIFIER = tcs.counterUITests;
				PRODUCT_NAME = "$(TARGET_NAME)";
				SWIFT_EMIT_LOC_STRINGS = NO;
				SWIFT_VERSION = 5.0;
				TARGETED_DEVICE_FAMILY = "1,2";
				TEST_TARGET_NAME = counter;
			};
			name = Release;
		};
/* End XCBuildConfiguration section */

/* Begin XCConfigurationList section */
		A70AEDDA29FFD7E2000A78BE /* Build configuration list for PBXProject "counter" */ = {
			isa = XCConfigurationList;
			buildConfigurations = (
				A70AEE0729FFD7E3000A78BE /* Debug */,
				A70AEE0829FFD7E3000A78BE /* Release */,
			);
			defaultConfigurationIsVisible = 0;
			defaultConfigurationName = Release;
		};
		A70AEE0929FFD7E3000A78BE /* Build configuration list for PBXNativeTarget "counter" */ = {
			isa = XCConfigurationList;
			buildConfigurations = (
				A70AEE0A29FFD7E3000A78BE /* Debug */,
				A70AEE0B29FFD7E3000A78BE /* Release */,
			);
			defaultConfigurationIsVisible = 0;
			defaultConfigurationName = Release;
		};
		A70AEE0C29FFD7E3000A78BE /* Build configuration list for PBXNativeTarget "counterTests" */ = {
			isa = XCConfigurationList;
			buildConfigurations = (
				A70AEE0D29FFD7E3000A78BE /* Debug */,
				A70AEE0E29FFD7E3000A78BE /* Release */,
			);
			defaultConfigurationIsVisible = 0;
			defaultConfigurationName = Release;
		};
		A70AEE0F29FFD7E3000A78BE /* Build configuration list for PBXNativeTarget "counterUITests" */ = {
			isa = XCConfigurationList;
			buildConfigurations = (
				A70AEE1029FFD7E3000A78BE /* Debug */,
				A70AEE1129FFD7E3000A78BE /* Release */,
			);
			defaultConfigurationIsVisible = 0;
			defaultConfigurationName = Release;
		};
/* End XCConfigurationList section */
	};
	rootObject = A70AEDD729FFD7E2000A78BE /* Project object */;
}
